{
    "version": 3,
    "terraform_version": "0.11.10",
    "serial": 22,
    "lineage": "c7c9eef3-b8cc-9f06-74d8-83deb95da9ac",
    "modules": [
        {
            "path": [
                "root"
            ],
            "outputs": {
                "cb1_ip": {
                    "sensitive": false,
                    "type": "string",
                    "value": "52.24.36.56"
                }
            },
            "resources": {
                "aws_eip.ip": {
                    "type": "aws_eip",
                    "depends_on": [
                        "aws_instance.cb1"
                    ],
                    "primary": {
                        "id": "eipalloc-0cd5f658b7381435c",
                        "attributes": {
                            "association_id": "eipassoc-0697acb67aa66ed8f",
                            "domain": "vpc",
                            "id": "eipalloc-0cd5f658b7381435c",
                            "instance": "i-0e86d64b7c590a73e",
                            "network_interface": "eni-08f629a58e5c42693",
                            "private_ip": "172.31.32.19",
                            "public_ip": "52.24.36.56",
                            "public_ipv4_pool": "amazon",
                            "tags.%": "0",
                            "vpc": "true"
                        },
                        "meta": {
                            "e2bfb730-ecaa-11e6-8f88-34363bc7c4c0": {
                                "delete": 180000000000,
                                "read": 900000000000,
                                "update": 300000000000
                            }
                        },
                        "tainted": false
                    },
                    "deposed": [],
                    "provider": "provider.aws"
                },
                "aws_instance.cb1": {
                    "type": "aws_instance",
                    "depends_on": [
                        "aws_security_group.default"
                    ],
                    "primary": {
                        "id": "i-0e86d64b7c590a73e",
                        "attributes": {
                            "ami": "ami-076e276d85f524150",
                            "arn": "arn:aws:ec2:us-west-2:247357538711:instance/i-0e86d64b7c590a73e",
                            "associate_public_ip_address": "true",
                            "availability_zone": "us-west-2a",
                            "cpu_core_count": "2",
                            "cpu_threads_per_core": "2",
                            "credit_specification.#": "1",
                            "credit_specification.0.cpu_credits": "unlimited",
                            "disable_api_termination": "false",
                            "ebs_block_device.#": "0",
                            "ebs_optimized": "false",
                            "ephemeral_block_device.#": "0",
                            "get_password_data": "false",
                            "iam_instance_profile": "",
                            "id": "i-0e86d64b7c590a73e",
                            "instance_state": "running",
                            "instance_type": "t3.xlarge",
                            "ipv6_addresses.#": "0",
                            "key_name": "fastseer-ssh-key",
                            "monitoring": "false",
                            "network_interface.#": "0",
                            "network_interface_id": "eni-08f629a58e5c42693",
                            "password_data": "",
                            "placement_group": "",
                            "primary_network_interface_id": "eni-08f629a58e5c42693",
                            "private_dns": "ip-172-31-32-19.us-west-2.compute.internal",
                            "private_ip": "172.31.32.19",
                            "public_dns": "ec2-52-41-210-25.us-west-2.compute.amazonaws.com",
                            "public_ip": "52.41.210.25",
                            "root_block_device.#": "1",
                            "root_block_device.0.delete_on_termination": "true",
                            "root_block_device.0.iops": "100",
                            "root_block_device.0.volume_id": "vol-0ddcc62f8fb6f3b7d",
                            "root_block_device.0.volume_size": "8",
                            "root_block_device.0.volume_type": "gp2",
                            "security_groups.#": "1",
                            "security_groups.1294033395": "eip_cb1",
                            "source_dest_check": "true",
                            "subnet_id": "subnet-86fe98cd",
                            "tags.%": "1",
                            "tags.Name": "dev-cb1",
                            "tenancy": "default",
                            "user_data": "29f554e9db160439c6ced9e56b79bb8c63a846e8",
                            "volume_tags.%": "0",
                            "vpc_security_group_ids.#": "1",
                            "vpc_security_group_ids.3451819909": "sg-0b35657afafcc8e21"
                        },
                        "meta": {
                            "e2bfb730-ecaa-11e6-8f88-34363bc7c4c0": {
                                "create": 600000000000,
                                "delete": 1200000000000,
                                "update": 600000000000
                            },
                            "schema_version": "1"
                        },
                        "tainted": false
                    },
                    "deposed": [],
                    "provider": "provider.aws"
                },
                "aws_security_group.default": {
                    "type": "aws_security_group",
                    "depends_on": [],
                    "primary": {
                        "id": "sg-0b35657afafcc8e21",
                        "attributes": {
                            "arn": "arn:aws:ec2:us-west-2:247357538711:security-group/sg-0b35657afafcc8e21",
                            "description": "Used in the terraform",
                            "egress.#": "1",
                            "egress.482069346.cidr_blocks.#": "1",
                            "egress.482069346.cidr_blocks.0": "0.0.0.0/0",
                            "egress.482069346.description": "",
                            "egress.482069346.from_port": "0",
                            "egress.482069346.ipv6_cidr_blocks.#": "0",
                            "egress.482069346.prefix_list_ids.#": "0",
                            "egress.482069346.protocol": "-1",
                            "egress.482069346.security_groups.#": "0",
                            "egress.482069346.self": "false",
                            "egress.482069346.to_port": "0",
                            "id": "sg-0b35657afafcc8e21",
                            "ingress.#": "3",
                            "ingress.2214680975.cidr_blocks.#": "1",
                            "ingress.2214680975.cidr_blocks.0": "0.0.0.0/0",
                            "ingress.2214680975.description": "",
                            "ingress.2214680975.from_port": "80",
                            "ingress.2214680975.ipv6_cidr_blocks.#": "0",
                            "ingress.2214680975.prefix_list_ids.#": "0",
                            "ingress.2214680975.protocol": "tcp",
                            "ingress.2214680975.security_groups.#": "0",
                            "ingress.2214680975.self": "false",
                            "ingress.2214680975.to_port": "80",
                            "ingress.2541437006.cidr_blocks.#": "1",
                            "ingress.2541437006.cidr_blocks.0": "0.0.0.0/0",
                            "ingress.2541437006.description": "",
                            "ingress.2541437006.from_port": "22",
                            "ingress.2541437006.ipv6_cidr_blocks.#": "0",
                            "ingress.2541437006.prefix_list_ids.#": "0",
                            "ingress.2541437006.protocol": "tcp",
                            "ingress.2541437006.security_groups.#": "0",
                            "ingress.2541437006.self": "false",
                            "ingress.2541437006.to_port": "22",
                            "ingress.4255538451.cidr_blocks.#": "1",
                            "ingress.4255538451.cidr_blocks.0": "0.0.0.0/0",
                            "ingress.4255538451.description": "",
                            "ingress.4255538451.from_port": "8091",
                            "ingress.4255538451.ipv6_cidr_blocks.#": "0",
                            "ingress.4255538451.prefix_list_ids.#": "0",
                            "ingress.4255538451.protocol": "tcp",
                            "ingress.4255538451.security_groups.#": "0",
                            "ingress.4255538451.self": "false",
                            "ingress.4255538451.to_port": "8091",
                            "name": "eip_cb1",
                            "owner_id": "247357538711",
                            "revoke_rules_on_delete": "false",
                            "tags.%": "0",
                            "vpc_id": "vpc-e47d929c"
                        },
                        "meta": {
                            "e2bfb730-ecaa-11e6-8f88-34363bc7c4c0": {
                                "create": 600000000000,
                                "delete": 600000000000
                            },
                            "schema_version": "1"
                        },
                        "tainted": false
                    },
                    "deposed": [],
                    "provider": "provider.aws"
                }
            },
            "depends_on": []
        }
    ]
}
